
Microsoft Visual Studio Solution File, Format Version 12.00
# Visual Studio Version 17
VisualStudioVersion = 17.13.35828.75 d17.13
MinimumVisualStudioVersion = 10.0.40219.1
Project("{FAE04EC0-301F-11D3-BF4B-00C04F79EFBC}") = "BPROJESİ", "BPROJESİ\BPROJESİ.csproj", "{32962826-1235-4246-9FAF-D423C66BBC12}"
EndProject
Global
	GlobalSection(SolutionConfigurationPlatforms) = preSolution
		Debug|Any CPU = Debug|Any CPU
		Release|Any CPU = Release|Any CPU
	EndGlobalSection
	GlobalSection(ProjectConfigurationPlatforms) = postSolution
		{32962826-1235-4246-9FAF-D423C66BBC12}.Debug|Any CPU.ActiveCfg = Debug|Any CPU
		{32962826-1235-4246-9FAF-D423C66BBC12}.Debug|Any CPU.Build.0 = Debug|Any CPU
		{32962826-1235-4246-9FAF-D423C66BBC12}.Release|Any CPU.ActiveCfg = Release|Any CPU
		{32962826-1235-4246-9FAF-D423C66BBC12}.Release|Any CPU.Build.0 = Release|Any CPU
	EndGlobalSection
	GlobalSection(SolutionProperties) = preSolution
		HideSolutionNode = FALSE
	EndGlobalSection
	GlobalSection(ExtensibilityGlobals) = postSolution
		SolutionGuid = {AA7ADD01-6AB7-4ECC-AE22-5F5081D86B54}
	EndGlobalSection
EndGlobal
